// !$*UTF8*$!
{
	archiveVersion = 1;
	classes = {
	};
	objectVersion = 55;
	objects = {

/* Begin PBXBuildFile section */
		483ACE332898F24F00E720EF /* TabViewController.swift in Sources */ = {isa = PBXBuildFile; fileRef = 483ACE322898F24F00E720EF /* TabViewController.swift */; };
		483ACE352898F2D900E720EF /* TabCell.swift in Sources */ = {isa = PBXBuildFile; fileRef = 483ACE342898F2D900E720EF /* TabCell.swift */; };
		4886CBF1288CAF7500CA7A09 /* AppDelegate.swift in Sources */ = {isa = PBXBuildFile; fileRef = 4886CBF0288CAF7500CA7A09 /* AppDelegate.swift */; };
		4886CBF3288CAF7500CA7A09 /* SceneDelegate.swift in Sources */ = {isa = PBXBuildFile; fileRef = 4886CBF2288CAF7500CA7A09 /* SceneDelegate.swift */; };
		4886CBF5288CAF7500CA7A09 /* ViewController.swift in Sources */ = {isa = PBXBuildFile; fileRef = 4886CBF4288CAF7500CA7A09 /* ViewController.swift */; };
		4886CBF8288CAF7500CA7A09 /* Main.storyboard in Resources */ = {isa = PBXBuildFile; fileRef = 4886CBF6288CAF7500CA7A09 /* Main.storyboard */; };
		4886CBFA288CAF7600CA7A09 /* Assets.xcassets in Resources */ = {isa = PBXBuildFile; fileRef = 4886CBF9288CAF7600CA7A09 /* Assets.xcassets */; };
		4886CBFD288CAF7600CA7A09 /* LaunchScreen.storyboard in Resources */ = {isa = PBXBuildFile; fileRef = 4886CBFB288CAF7600CA7A09 /* LaunchScreen.storyboard */; };
		48D2ADDF2898838E001EA453 /* BookmarkViewController.swift in Sources */ = {isa = PBXBuildFile; fileRef = 48D2ADDE2898838E001EA453 /* BookmarkViewController.swift */; };
		48D2ADE128988465001EA453 /* BookmarkCell.swift in Sources */ = {isa = PBXBuildFile; fileRef = 48D2ADE028988465001EA453 /* BookmarkCell.swift */; };
/* End PBXBuildFile section */

/* Begin PBXFileReference section */
		483ACE322898F24F00E720EF /* TabViewController.swift */ = {isa = PBXFileReference; lastKnownFileType = sourcecode.swift; path = TabViewController.swift; sourceTree = "<group>"; };
		483ACE342898F2D900E720EF /* TabCell.swift */ = {isa = PBXFileReference; lastKnownFileType = sourcecode.swift; path = TabCell.swift; sourceTree = "<group>"; };
		4886CBED288CAF7500CA7A09 /* iOS Mobile Browser.app */ = {isa = PBXFileReference; explicitFileType = wrapper.application; includeInIndex = 0; path = "iOS Mobile Browser.app"; sourceTree = BUILT_PRODUCTS_DIR; };
		4886CBF0288CAF7500CA7A09 /* AppDelegate.swift */ = {isa = PBXFileReference; lastKnownFileType = sourcecode.swift; path = AppDelegate.swift; sourceTree = "<group>"; };
		4886CBF2288CAF7500CA7A09 /* SceneDelegate.swift */ = {isa = PBXFileReference; lastKnownFileType = sourcecode.swift; path = SceneDelegate.swift; sourceTree = "<group>"; };
		4886CBF4288CAF7500CA7A09 /* ViewController.swift */ = {isa = PBXFileReference; lastKnownFileType = sourcecode.swift; path = ViewController.swift; sourceTree = "<group>"; };
		4886CBF7288CAF7500CA7A09 /* Base */ = {isa = PBXFileReference; lastKnownFileType = file.storyboard; name = Base; path = Base.lproj/Main.storyboard; sourceTree = "<group>"; };
		4886CBF9288CAF7600CA7A09 /* Assets.xcassets */ = {isa = PBXFileReference; lastKnownFileType = folder.assetcatalog; path = Assets.xcassets; sourceTree = "<group>"; };
		4886CBFC288CAF7600CA7A09 /* Base */ = {isa = PBXFileReference; lastKnownFileType = file.storyboard; name = Base; path = Base.lproj/LaunchScreen.storyboard; sourceTree = "<group>"; };
		4886CBFE288CAF7600CA7A09 /* Info.plist */ = {isa = PBXFileReference; lastKnownFileType = text.plist.xml; path = Info.plist; sourceTree = "<group>"; };
		48D2ADDE2898838E001EA453 /* BookmarkViewController.swift */ = {isa = PBXFileReference; lastKnownFileType = sourcecode.swift; path = BookmarkViewController.swift; sourceTree = "<group>"; };
		48D2ADE028988465001EA453 /* BookmarkCell.swift */ = {isa = PBXFileReference; lastKnownFileType = sourcecode.swift; path = BookmarkCell.swift; sourceTree = "<group>"; };
		48D53500289A32F800F845C1 /* Readme.md */ = {isa = PBXFileReference; lastKnownFileType = net.daringfireball.markdown; path = Readme.md; sourceTree = "<group>"; };
/* End PBXFileReference section */

/* Begin PBXFrameworksBuildPhase section */
		4886CBEA288CAF7500CA7A09 /* Frameworks */ = {
			isa = PBXFrameworksBuildPhase;
			buildActionMask = 2147483647;
			files = (
			);
			runOnlyForDeploymentPostprocessing = 0;
		};
/* End PBXFrameworksBuildPhase section */

/* Begin PBXGroup section */
		4886CBE4288CAF7500CA7A09 = {
			isa = PBXGroup;
			children = (
				4886CBEF288CAF7500CA7A09 /* iOS ACME Mobile Browser */,
				4886CBEE288CAF7500CA7A09 /* Products */,
			);
			sourceTree = "<group>";
		};
		4886CBEE288CAF7500CA7A09 /* Products */ = {
			isa = PBXGroup;
			children = (
				4886CBED288CAF7500CA7A09 /* iOS Mobile Browser.app */,
			);
			name = Products;
			sourceTree = "<group>";
		};
		4886CBEF288CAF7500CA7A09 /* iOS ACME Mobile Browser */ = {
			isa = PBXGroup;
			children = (
				4886CBF0288CAF7500CA7A09 /* AppDelegate.swift */,
				4886CBF2288CAF7500CA7A09 /* SceneDelegate.swift */,
				4886CBF4288CAF7500CA7A09 /* ViewController.swift */,
				4886CBF6288CAF7500CA7A09 /* Main.storyboard */,
				4886CBF9288CAF7600CA7A09 /* Assets.xcassets */,
				4886CBFB288CAF7600CA7A09 /* LaunchScreen.storyboard */,
				4886CBFE288CAF7600CA7A09 /* Info.plist */,
				48D2ADDE2898838E001EA453 /* BookmarkViewController.swift */,
				48D2ADE028988465001EA453 /* BookmarkCell.swift */,
				483ACE322898F24F00E720EF /* TabViewController.swift */,
				483ACE342898F2D900E720EF /* TabCell.swift */,
				48D53500289A32F800F845C1 /* Readme.md */,
			);
			path = "iOS ACME Mobile Browser";
			sourceTree = "<group>";
		};
/* End PBXGroup section */

/* Begin PBXNativeTarget section */
		4886CBEC288CAF7500CA7A09 /* iOS Mobile Browser */ = {
			isa = PBXNativeTarget;
			buildConfigurationList = 4886CC01288CAF7600CA7A09 /* Build configuration list for PBXNativeTarget "iOS Mobile Browser" */;
			buildPhases = (
				4886CBE9288CAF7500CA7A09 /* Sources */,
				4886CBEA288CAF7500CA7A09 /* Frameworks */,
				4886CBEB288CAF7500CA7A09 /* Resources */,
			);
			buildRules = (
			);
			dependencies = (
			);
			name = "iOS Mobile Browser";
			productName = "iOS ACME Mobile Browser";
			productReference = 4886CBED288CAF7500CA7A09 /* iOS Mobile Browser.app */;
			productType = "com.apple.product-type.application";
		};
/* End PBXNativeTarget section */

/* Begin PBXProject section */
		4886CBE5288CAF7500CA7A09 /* Project object */ = {
			isa = PBXProject;
			attributes = {
				BuildIndependentTargetsInParallel = 1;
				LastSwiftUpdateCheck = 1340;
				LastUpgradeCheck = 1340;
				TargetAttributes = {
					4886CBEC288CAF7500CA7A09 = {
						CreatedOnToolsVersion = 13.4.1;
					};
				};
			};
			buildConfigurationList = 4886CBE8288CAF7500CA7A09 /* Build configuration list for PBXProject "iOS Mobile Browser" */;
			compatibilityVersion = "Xcode 13.0";
			developmentRegion = en;
			hasScannedForEncodings = 0;
			knownRegions = (
				en,
				Base,
			);
			mainGroup = 4886CBE4288CAF7500CA7A09;
			productRefGroup = 4886CBEE288CAF7500CA7A09 /* Products */;
			projectDirPath = "";
			projectRoot = "";
			targets = (
				4886CBEC288CAF7500CA7A09 /* iOS Mobile Browser */,
			);
		};
/* End PBXProject section */

/* Begin PBXResourcesBuildPhase section */
		4886CBEB288CAF7500CA7A09 /* Resources */ = {
			isa = PBXResourcesBuildPhase;
			buildActionMask = 2147483647;
			files = (
				4886CBFD288CAF7600CA7A09 /* LaunchScreen.storyboard in Resources */,
				4886CBFA288CAF7600CA7A09 /* Assets.xcassets in Resources */,
				4886CBF8288CAF7500CA7A09 /* Main.storyboard in Resources */,
			);
			runOnlyForDeploymentPostprocessing = 0;
		};
/* End PBXResourcesBuildPhase section */

/* Begin PBXSourcesBuildPhase section */
		4886CBE9288CAF7500CA7A09 /* Sources */ = {
			isa = PBXSourcesBuildPhase;
			buildActionMask = 2147483647;
			files = (
				483ACE332898F24F00E720EF /* TabViewController.swift in Sources */,
				48D2ADE128988465001EA453 /* BookmarkCell.swift in Sources */,
				483ACE352898F2D900E720EF /* TabCell.swift in Sources */,
				48D2ADDF2898838E001EA453 /* BookmarkViewController.swift in Sources */,
				4886CBF5288CAF7500CA7A09 /* ViewController.swift in Sources */,
				4886CBF1288CAF7500CA7A09 /* AppDelegate.swift in Sources */,
				4886CBF3288CAF7500CA7A09 /* SceneDelegate.swift in Sources */,
			);
			runOnlyForDeploymentPostprocessing = 0;
		};
/* End PBXSourcesBuildPhase section */

/* Begin PBXVariantGroup section */
		4886CBF6288CAF7500CA7A09 /* Main.storyboard */ = {
			isa = PBXVariantGroup;
			children = (
				4886CBF7288CAF7500CA7A09 /* Base */,
			);
			name = Main.storyboard;
			sourceTree = "<group>";
		};
		4886CBFB288CAF7600CA7A09 /* LaunchScreen.storyboard */ = {
			isa = PBXVariantGroup;
			children = (
				4886CBFC288CAF7600CA7A09 /* Base */,
			);
			name = LaunchScreen.storyboard;
			sourceTree = "<group>";
		};
/* End PBXVariantGroup section */

/* Begin XCBuildConfiguration section */
		4886CBFF288CAF7600CA7A09 /* Debug */ = {
			isa = XCBuildConfiguration;
			buildSettings = {
				ALWAYS_SEARCH_USER_PATHS = NO;
				CLANG_ANALYZER_NONNULL = YES;
				CLANG_ANALYZER_NUMBER_OBJECT_CONVERSION = YES_AGGRESSIVE;
				CLANG_CXX_LANGUAGE_STANDARD = "gnu++17";
				CLANG_ENABLE_MODULES = YES;
				CLANG_ENABLE_OBJC_ARC = YES;
				CLANG_ENABLE_OBJC_WEAK = YES;
				CLANG_WARN_BLOCK_CAPTURE_AUTORELEASING = YES;
				CLANG_WARN_BOOL_CONVERSION = YES;
				CLANG_WARN_COMMA = YES;
				CLANG_WARN_CONSTANT_CONVERSION = YES;
				CLANG_WARN_DEPRECATED_OBJC_IMPLEMENTATIONS = YES;
				CLANG_WARN_DIRECT_OBJC_ISA_USAGE = YES_ERROR;
				CLANG_WARN_DOCUMENTATION_COMMENTS = YES;
				CLANG_WARN_EMPTY_BODY = YES;
				CLANG_WARN_ENUM_CONVERSION = YES;
				CLANG_WARN_INFINITE_RECURSION = YES;
				CLANG_WARN_INT_CONVERSION = YES;
				CLANG_WARN_NON_LITERAL_NULL_CONVERSION = YES;
				CLANG_WARN_OBJC_IMPLICIT_RETAIN_SELF = YES;
				CLANG_WARN_OBJC_LITERAL_CONVERSION = YES;
				CLANG_WARN_OBJC_ROOT_CLASS = YES_ERROR;
				CLANG_WARN_QUOTED_INCLUDE_IN_FRAMEWORK_HEADER = YES;
				CLANG_WARN_RANGE_LOOP_ANALYSIS = YES;
				CLANG_WARN_STRICT_PROTOTYPES = YES;
				CLANG_WARN_SUSPICIOUS_MOVE = YES;
				CLANG_WARN_UNGUARDED_AVAILABILITY = YES_AGGRESSIVE;
				CLANG_WARN_UNREACHABLE_CODE = YES;
				CLANG_WARN__DUPLICATE_METHOD_MATCH = YES;
				COPY_PHASE_STRIP = NO;
				DEBUG_INFORMATION_FORMAT = dwarf;
				ENABLE_STRICT_OBJC_MSGSEND = YES;
				ENABLE_TESTABILITY = YES;
				GCC_C_LANGUAGE_STANDARD = gnu11;
				GCC_DYNAMIC_NO_PIC = NO;
				GCC_NO_COMMON_BLOCKS = YES;
				GCC_OPTIMIZATION_LEVEL = 0;
				GCC_PREPROCESSOR_DEFINITIONS = (
					"DEBUG=1",
					"$(inherited)",
				);
				GCC_WARN_64_TO_32_BIT_CONVERSION = YES;
				GCC_WARN_ABOUT_RETURN_TYPE = YES_ERROR;
				GCC_WARN_UNDECLARED_SELECTOR = YES;
				GCC_WARN_UNINITIALIZED_AUTOS = YES_AGGRESSIVE;
				GCC_WARN_UNUSED_FUNCTION = YES;
				GCC_WARN_UNUSED_VARIABLE = YES;
				IPHONEOS_DEPLOYMENT_TARGET = 15.5;
				MTL_ENABLE_DEBUG_INFO = INCLUDE_SOURCE;
				MTL_FAST_MATH = YES;
				ONLY_ACTIVE_ARCH = YES;
				SDKROOT = iphoneos;
				SWIFT_ACTIVE_COMPILATION_CONDITIONS = DEBUG;
				SWIFT_OPTIMIZATION_LEVEL = "-Onone";
			};
			name = Debug;
		};
		4886CC00288CAF7600CA7A09 /* Release */ = {
			isa = XCBuildConfiguration;
			buildSettings = {
				ALWAYS_SEARCH_USER_PATHS = NO;
				CLANG_ANALYZER_NONNULL = YES;
				CLANG_ANALYZER_NUMBER_OBJECT_CONVERSION = YES_AGGRESSIVE;
				CLANG_CXX_LANGUAGE_STANDARD = "gnu++17";
				CLANG_ENABLE_MODULES = YES;
				CLANG_ENABLE_OBJC_ARC = YES;
				CLANG_ENABLE_OBJC_WEAK = YES;
				CLANG_WARN_BLOCK_CAPTURE_AUTORELEASING = YES;
				CLANG_WARN_BOOL_CONVERSION = YES;
				CLANG_WARN_COMMA = YES;
				CLANG_WARN_CONSTANT_CONVERSION = YES;
				CLANG_WARN_DEPRECATED_OBJC_IMPLEMENTATIONS = YES;
				CLANG_WARN_DIRECT_OBJC_ISA_USAGE = YES_ERROR;
				CLANG_WARN_DOCUMENTATION_COMMENTS = YES;
				CLANG_WARN_EMPTY_BODY = YES;
				CLANG_WARN_ENUM_CONVERSION = YES;
				CLANG_WARN_INFINITE_RECURSION = YES;
				CLANG_WARN_INT_CONVERSION = YES;
				CLANG_WARN_NON_LITERAL_NULL_CONVERSION = YES;
				CLANG_WARN_OBJC_IMPLICIT_RETAIN_SELF = YES;
				CLANG_WARN_OBJC_LITERAL_CONVERSION = YES;
				CLANG_WARN_OBJC_ROOT_CLASS = YES_ERROR;
				CLANG_WARN_QUOTED_INCLUDE_IN_FRAMEWORK_HEADER = YES;
				CLANG_WARN_RANGE_LOOP_ANALYSIS = YES;
				CLANG_WARN_STRICT_PROTOTYPES = YES;
				CLANG_WARN_SUSPICIOUS_MOVE = YES;
				CLANG_WARN_UNGUARDED_AVAILABILITY = YES_AGGRESSIVE;
				CLANG_WARN_UNREACHABLE_CODE = YES;
				CLANG_WARN__DUPLICATE_METHOD_MATCH = YES;
				COPY_PHASE_STRIP = NO;
				DEBUG_INFORMATION_FORMAT = "dwarf-with-dsym";
				ENABLE_NS_ASSERTIONS = NO;
				ENABLE_STRICT_OBJC_MSGSEND = YES;
				GCC_C_LANGUAGE_STANDARD = gnu11;
				GCC_NO_COMMON_BLOCKS = YES;
				GCC_WARN_64_TO_32_BIT_CONVERSION = YES;
				GCC_WARN_ABOUT_RETURN_TYPE = YES_ERROR;
				GCC_WARN_UNDECLARED_SELECTOR = YES;
				GCC_WARN_UNINITIALIZED_AUTOS = YES_AGGRESSIVE;
				GCC_WARN_UNUSED_FUNCTION = YES;
				GCC_WARN_UNUSED_VARIABLE = YES;
				IPHONEOS_DEPLOYMENT_TARGET = 15.5;
				MTL_ENABLE_DEBUG_INFO = NO;
				MTL_FAST_MATH = YES;
				SDKROOT = iphoneos;
				SWIFT_COMPILATION_MODE = wholemodule;
				SWIFT_OPTIMIZATION_LEVEL = "-O";
				VALIDATE_PRODUCT = YES;
			};
			name = Release;
		};
		4886CC02288CAF7600CA7A09 /* Debug */ = {
			isa = XCBuildConfiguration;
			buildSettings = {
				ASSETCATALOG_COMPILER_APPICON_NAME = AppIcon;
				ASSETCATALOG_COMPILER_GLOBAL_ACCENT_COLOR_NAME = AccentColor;
				CODE_SIGN_STYLE = Automatic;
				CURRENT_PROJECT_VERSION = 1;
				DEVELOPMENT_TEAM = SBCRL8SBBK;
				GENERATE_INFOPLIST_FILE = YES;
				INFOPLIST_FILE = "iOS ACME Mobile Browser/Info.plist";
				INFOPLIST_KEY_CFBundleDisplayName = "ACME Browser";
				INFOPLIST_KEY_UIApplicationSupportsIndirectInputEvents = YES;
				INFOPLIST_KEY_UILaunchStoryboardName = LaunchScreen;
				INFOPLIST_KEY_UIMainStoryboardFile = Main;
				INFOPLIST_KEY_UISupportedInterfaceOrientations_iPad = "UIInterfaceOrientationPortrait UIInterfaceOrientationPortraitUpsideDown UIInterfaceOrientationLandscapeLeft UIInterfaceOrientationLandscapeRight";
				INFOPLIST_KEY_UISupportedInterfaceOrientations_iPhone = "UIInterfaceOrientationPortrait UIInterfaceOrientationLandscapeLeft UIInterfaceOrientationLandscapeRight";
				LD_RUNPATH_SEARCH_PATHS = (
					"$(inherited)",
					"@executable_path/Frameworks",
				);
				MARKETING_VERSION = 1.0;
				PRODUCT_BUNDLE_IDENTIFIER = "kabir.iOS-ACME-Mobile-Browser";
				PRODUCT_NAME = "$(TARGET_NAME)";
				SWIFT_EMIT_LOC_STRINGS = YES;
				SWIFT_VERSION = 5.0;
				TARGETED_DEVICE_FAMILY = "1,2";
			};
			name = Debug;
		};
		4886CC03288CAF7600CA7A09 /* Release */ = {
			isa = XCBuildConfiguration;
			buildSettings = {
				ASSETCATALOG_COMPILER_APPICON_NAME = AppIcon;
				ASSETCATALOG_COMPILER_GLOBAL_ACCENT_COLOR_NAME = AccentColor;
				CODE_SIGN_STYLE = Automatic;
				CURRENT_PROJECT_VERSION = 1;
				DEVELOPMENT_TEAM = SBCRL8SBBK;
				GENERATE_INFOPLIST_FILE = YES;
				INFOPLIST_FILE = "iOS ACME Mobile Browser/Info.plist";
				INFOPLIST_KEY_CFBundleDisplayName = "ACME Browser";
				INFOPLIST_KEY_UIApplicationSupportsIndirectInputEvents = YES;
				INFOPLIST_KEY_UILaunchStoryboardName = LaunchScreen;
				INFOPLIST_KEY_UIMainStoryboardFile = Main;
				INFOPLIST_KEY_UISupportedInterfaceOrientations_iPad = "UIInterfaceOrientationPortrait UIInterfaceOrientationPortraitUpsideDown UIInterfaceOrientationLandscapeLeft UIInterfaceOrientationLandscapeRight";
				INFOPLIST_KEY_UISupportedInterfaceOrientations_iPhone = "UIInterfaceOrientationPortrait UIInterfaceOrientationLandscapeLeft UIInterfaceOrientationLandscapeRight";
				LD_RUNPATH_SEARCH_PATHS = (
					"$(inherited)",
					"@executable_path/Frameworks",
				);
				MARKETING_VERSION = 1.0;
				PRODUCT_BUNDLE_IDENTIFIER = "kabir.iOS-ACME-Mobile-Browser";
				PRODUCT_NAME = "$(TARGET_NAME)";
				SWIFT_EMIT_LOC_STRINGS = YES;
				SWIFT_VERSION = 5.0;
				TARGETED_DEVICE_FAMILY = "1,2";
			};
			name = Release;
		};
/* End XCBuildConfiguration section */

/* Begin XCConfigurationList section */
		4886CBE8288CAF7500CA7A09 /* Build configuration list for PBXProject "iOS Mobile Browser" */ = {
			isa = XCConfigurationList;
			buildConfigurations = (
				4886CBFF288CAF7600CA7A09 /* Debug */,
				4886CC00288CAF7600CA7A09 /* Release */,
			);
			defaultConfigurationIsVisible = 0;
			defaultConfigurationName = Release;
		};
		4886CC01288CAF7600CA7A09 /* Build configuration list for PBXNativeTarget "iOS Mobile Browser" */ = {
			isa = XCConfigurationList;
			buildConfigurations = (
				4886CC02288CAF7600CA7A09 /* Debug */,
				4886CC03288CAF7600CA7A09 /* Release */,
			);
			defaultConfigurationIsVisible = 0;
			defaultConfigurationName = Release;
		};
/* End XCConfigurationList section */
	};
	rootObject = 4886CBE5288CAF7500CA7A09 /* Project object */;
}
